
Microsoft Visual Studio Solution File, Format Version 12.00
Project("{FAE04EC0-301F-11D3-BF4B-00C04F79EFBC}") = "PromisedLandDSPBot", "PromisedLandDSPBot\PromisedLandDSPBot.csproj", "{DC516221-BAB6-4EB5-9FA3-358CEE5C62DF}"
EndProject
Global
	GlobalSection(SolutionConfigurationPlatforms) = preSolution
		Debug|Any CPU = Debug|Any CPU
		Release|Any CPU = Release|Any CPU
	EndGlobalSection
	GlobalSection(ProjectConfigurationPlatforms) = postSolution
		{DC516221-BAB6-4EB5-9FA3-358CEE5C62DF}.Debug|Any CPU.ActiveCfg = Debug|Any CPU
		{DC516221-BAB6-4EB5-9FA3-358CEE5C62DF}.Debug|Any CPU.Build.0 = Debug|Any CPU
		{DC516221-BAB6-4EB5-9FA3-358CEE5C62DF}.Release|Any CPU.ActiveCfg = Release|Any CPU
		{DC516221-BAB6-4EB5-9FA3-358CEE5C62DF}.Release|Any CPU.Build.0 = Release|Any CPU
	EndGlobalSection
EndGlobal
